
Microsoft Visual Studio Solution File, Format Version 12.00
# Visual Studio Version 17
VisualStudioVersion = 17.14.36121.58
MinimumVisualStudioVersion = 10.0.40219.1
Project("{FAE04EC0-301F-11D3-BF4B-00C04F79EFBC}") = "Pure.Primitives.Bool.Operations", "Pure.Primitives.Bool.Operations\Pure.Primitives.Bool.Operations.csproj", "{2E5278D0-D05C-4A22-BB59-B8280003BDDE}"
EndProject
Project("{2150E333-8FDC-42A3-9474-1A3956D46DE8}") = "Tests", "Tests", "{0AB3BF05-4346-4AA6-1389-037BE0695223}"
EndProject
Project("{FAE04EC0-301F-11D3-BF4B-00C04F79EFBC}") = "Pure.Primitives.Bool.Operations.Tests", "Tests\Pure.Primitives.Bool.Operations.Tests\Pure.Primitives.Bool.Operations.Tests.csproj", "{59449DB1-ED08-BA5F-2D22-8297BB4989BE}"
EndProject
Global
	GlobalSection(SolutionConfigurationPlatforms) = preSolution
		Debug|Any CPU = Debug|Any CPU
		Release|Any CPU = Release|Any CPU
	EndGlobalSection
	GlobalSection(ProjectConfigurationPlatforms) = postSolution
		{2E5278D0-D05C-4A22-BB59-B8280003BDDE}.Debug|Any CPU.ActiveCfg = Debug|Any CPU
		{2E5278D0-D05C-4A22-BB59-B8280003BDDE}.Debug|Any CPU.Build.0 = Debug|Any CPU
		{2E5278D0-D05C-4A22-BB59-B8280003BDDE}.Release|Any CPU.ActiveCfg = Release|Any CPU
		{2E5278D0-D05C-4A22-BB59-B8280003BDDE}.Release|Any CPU.Build.0 = Release|Any CPU
		{59449DB1-ED08-BA5F-2D22-8297BB4989BE}.Debug|Any CPU.ActiveCfg = Debug|Any CPU
		{59449DB1-ED08-BA5F-2D22-8297BB4989BE}.Debug|Any CPU.Build.0 = Debug|Any CPU
		{59449DB1-ED08-BA5F-2D22-8297BB4989BE}.Release|Any CPU.ActiveCfg = Release|Any CPU
		{59449DB1-ED08-BA5F-2D22-8297BB4989BE}.Release|Any CPU.Build.0 = Release|Any CPU
	EndGlobalSection
	GlobalSection(SolutionProperties) = preSolution
		HideSolutionNode = FALSE
	EndGlobalSection
	GlobalSection(NestedProjects) = preSolution
		{59449DB1-ED08-BA5F-2D22-8297BB4989BE} = {0AB3BF05-4346-4AA6-1389-037BE0695223}
	EndGlobalSection
	GlobalSection(ExtensibilityGlobals) = postSolution
		SolutionGuid = {B1ECF7F9-1E37-4C40-8BBC-29D821283DC3}
	EndGlobalSection
EndGlobal
